
Microsoft Visual Studio Solution File, Format Version 12.00
# Visual Studio 2013
VisualStudioVersion = 12.0.21005.1
MinimumVisualStudioVersion = 10.0.40219.1
Project("{F184B08F-C81C-45F6-A57F-5ABD9991F28F}") = "Vista", "Vista\Vista.vbproj", "{A7D519AB-253C-4BB7-B98F-E259E7421DDD}"
EndProject
Project("{F184B08F-C81C-45F6-A57F-5ABD9991F28F}") = "EE", "EE\EE.vbproj", "{1B0815E0-B3E8-4CBE-8FFD-A88BF97CEC6B}"
EndProject
Project("{F184B08F-C81C-45F6-A57F-5ABD9991F28F}") = "BLL", "BLL\BLL.vbproj", "{12080F49-E0AC-4AE0-B152-A1BDB53F7C5E}"
EndProject
Global
	GlobalSection(SolutionConfigurationPlatforms) = preSolution
		Debug|Any CPU = Debug|Any CPU
		Release|Any CPU = Release|Any CPU
	EndGlobalSection
	GlobalSection(ProjectConfigurationPlatforms) = postSolution
		{A7D519AB-253C-4BB7-B98F-E259E7421DDD}.Debug|Any CPU.ActiveCfg = Debug|Any CPU
		{A7D519AB-253C-4BB7-B98F-E259E7421DDD}.Debug|Any CPU.Build.0 = Debug|Any CPU
		{A7D519AB-253C-4BB7-B98F-E259E7421DDD}.Release|Any CPU.ActiveCfg = Release|Any CPU
		{A7D519AB-253C-4BB7-B98F-E259E7421DDD}.Release|Any CPU.Build.0 = Release|Any CPU
		{1B0815E0-B3E8-4CBE-8FFD-A88BF97CEC6B}.Debug|Any CPU.ActiveCfg = Debug|Any CPU
		{1B0815E0-B3E8-4CBE-8FFD-A88BF97CEC6B}.Debug|Any CPU.Build.0 = Debug|Any CPU
		{1B0815E0-B3E8-4CBE-8FFD-A88BF97CEC6B}.Release|Any CPU.ActiveCfg = Release|Any CPU
		{1B0815E0-B3E8-4CBE-8FFD-A88BF97CEC6B}.Release|Any CPU.Build.0 = Release|Any CPU
		{12080F49-E0AC-4AE0-B152-A1BDB53F7C5E}.Debug|Any CPU.ActiveCfg = Debug|Any CPU
		{12080F49-E0AC-4AE0-B152-A1BDB53F7C5E}.Debug|Any CPU.Build.0 = Debug|Any CPU
		{12080F49-E0AC-4AE0-B152-A1BDB53F7C5E}.Release|Any CPU.ActiveCfg = Release|Any CPU
		{12080F49-E0AC-4AE0-B152-A1BDB53F7C5E}.Release|Any CPU.Build.0 = Release|Any CPU
	EndGlobalSection
	GlobalSection(SolutionProperties) = preSolution
		HideSolutionNode = FALSE
	EndGlobalSection
EndGlobal
